
Microsoft Visual Studio Solution File, Format Version 12.00
# Visual Studio 2013
VisualStudioVersion = 12.0.21005.1
MinimumVisualStudioVersion = 10.0.40219.1
Project("{FAE04EC0-301F-11D3-BF4B-00C04F79EFBC}") = "DemoSignalRChat", "DemoSignalRChat\DemoSignalRChat.csproj", "{8263E0C7-F37E-4F51-8CF8-384842B942D6}"
EndProject
Global
	GlobalSection(SolutionConfigurationPlatforms) = preSolution
		Debug|Any CPU = Debug|Any CPU
		Release|Any CPU = Release|Any CPU
	EndGlobalSection
	GlobalSection(ProjectConfigurationPlatforms) = postSolution
		{8263E0C7-F37E-4F51-8CF8-384842B942D6}.Debug|Any CPU.ActiveCfg = Debug|Any CPU
		{8263E0C7-F37E-4F51-8CF8-384842B942D6}.Debug|Any CPU.Build.0 = Debug|Any CPU
		{8263E0C7-F37E-4F51-8CF8-384842B942D6}.Release|Any CPU.ActiveCfg = Release|Any CPU
		{8263E0C7-F37E-4F51-8CF8-384842B942D6}.Release|Any CPU.Build.0 = Release|Any CPU
	EndGlobalSection
	GlobalSection(SolutionProperties) = preSolution
		HideSolutionNode = FALSE
	EndGlobalSection
EndGlobal
